// !$*UTF8*$!
{
	archiveVersion = 1;
	classes = {
	};
	objectVersion = 55;
	objects = {

/* Begin PBXBuildFile section */
		F140B39927A2282D00D373B1 /* AppDelegate.swift in Sources */ = {isa = PBXBuildFile; fileRef = F140B39827A2282D00D373B1 /* AppDelegate.swift */; };
		F140B39B27A2282D00D373B1 /* SceneDelegate.swift in Sources */ = {isa = PBXBuildFile; fileRef = F140B39A27A2282D00D373B1 /* SceneDelegate.swift */; };
		F140B39D27A2282D00D373B1 /* CarListViewController.swift in Sources */ = {isa = PBXBuildFile; fileRef = F140B39C27A2282D00D373B1 /* CarListViewController.swift */; };
		F140B3A027A2282D00D373B1 /* Main.storyboard in Resources */ = {isa = PBXBuildFile; fileRef = F140B39E27A2282D00D373B1 /* Main.storyboard */; };
		F140B3A327A2282D00D373B1 /* Guidomia.xcdatamodeld in Sources */ = {isa = PBXBuildFile; fileRef = F140B3A127A2282D00D373B1 /* Guidomia.xcdatamodeld */; };
		F140B3A527A2282F00D373B1 /* Assets.xcassets in Resources */ = {isa = PBXBuildFile; fileRef = F140B3A427A2282F00D373B1 /* Assets.xcassets */; };
		F140B3A827A2282F00D373B1 /* LaunchScreen.storyboard in Resources */ = {isa = PBXBuildFile; fileRef = F140B3A627A2282F00D373B1 /* LaunchScreen.storyboard */; };
		F140B3B327A2282F00D373B1 /* GuidomiaTests.swift in Sources */ = {isa = PBXBuildFile; fileRef = F140B3B227A2282F00D373B1 /* GuidomiaTests.swift */; };
		F140B3BD27A2282F00D373B1 /* GuidomiaUITests.swift in Sources */ = {isa = PBXBuildFile; fileRef = F140B3BC27A2282F00D373B1 /* GuidomiaUITests.swift */; };
		F140B3BF27A2282F00D373B1 /* GuidomiaUITestsLaunchTests.swift in Sources */ = {isa = PBXBuildFile; fileRef = F140B3BE27A2282F00D373B1 /* GuidomiaUITestsLaunchTests.swift */; };
		F140B3CC27A2299C00D373B1 /* ColorAssets.xcassets in Resources */ = {isa = PBXBuildFile; fileRef = F140B3CB27A2299C00D373B1 /* ColorAssets.xcassets */; };
		F140B3D427A232F400D373B1 /* CarTableViewCell.swift in Sources */ = {isa = PBXBuildFile; fileRef = F140B3D227A232F400D373B1 /* CarTableViewCell.swift */; };
		F140B3D527A232F400D373B1 /* CarTableViewCell.xib in Resources */ = {isa = PBXBuildFile; fileRef = F140B3D327A232F400D373B1 /* CarTableViewCell.xib */; };
		F140B3DF27A2C74B00D373B1 /* CarListInteractor.swift in Sources */ = {isa = PBXBuildFile; fileRef = F140B3DE27A2C74B00D373B1 /* CarListInteractor.swift */; };
		F140B3E127A2C75F00D373B1 /* CarListPresenter.swift in Sources */ = {isa = PBXBuildFile; fileRef = F140B3E027A2C75F00D373B1 /* CarListPresenter.swift */; };
		F140B3E327A2C77200D373B1 /* CarListRouter.swift in Sources */ = {isa = PBXBuildFile; fileRef = F140B3E227A2C77200D373B1 /* CarListRouter.swift */; };
		F140B3E527A2C78500D373B1 /* CarListModels.swift in Sources */ = {isa = PBXBuildFile; fileRef = F140B3E427A2C78500D373B1 /* CarListModels.swift */; };
		F140B3E827A4273900D373B1 /* car_list.json in Resources */ = {isa = PBXBuildFile; fileRef = F140B3E727A4273900D373B1 /* car_list.json */; };
		F140B3EB27A427D000D373B1 /* ServiceManager.swift in Sources */ = {isa = PBXBuildFile; fileRef = F140B3EA27A427D000D373B1 /* ServiceManager.swift */; };
		F140B3EF27A631DF00D373B1 /* HeaderTableViewCell.swift in Sources */ = {isa = PBXBuildFile; fileRef = F140B3EE27A631DE00D373B1 /* HeaderTableViewCell.swift */; };
		F140B3F127A631E900D373B1 /* HeaderTableViewCell.xib in Resources */ = {isa = PBXBuildFile; fileRef = F140B3F027A631E900D373B1 /* HeaderTableViewCell.xib */; };
/* End PBXBuildFile section */

/* Begin PBXContainerItemProxy section */
		F140B3AF27A2282F00D373B1 /* PBXContainerItemProxy */ = {
			isa = PBXContainerItemProxy;
			containerPortal = F140B38D27A2282D00D373B1 /* Project object */;
			proxyType = 1;
			remoteGlobalIDString = F140B39427A2282D00D373B1;
			remoteInfo = Guidomia;
		};
		F140B3B927A2282F00D373B1 /* PBXContainerItemProxy */ = {
			isa = PBXContainerItemProxy;
			containerPortal = F140B38D27A2282D00D373B1 /* Project object */;
			proxyType = 1;
			remoteGlobalIDString = F140B39427A2282D00D373B1;
			remoteInfo = Guidomia;
		};
/* End PBXContainerItemProxy section */

/* Begin PBXFileReference section */
		F140B39527A2282D00D373B1 /* Guidomia.app */ = {isa = PBXFileReference; explicitFileType = wrapper.application; includeInIndex = 0; path = Guidomia.app; sourceTree = BUILT_PRODUCTS_DIR; };
		F140B39827A2282D00D373B1 /* AppDelegate.swift */ = {isa = PBXFileReference; lastKnownFileType = sourcecode.swift; path = AppDelegate.swift; sourceTree = "<group>"; };
		F140B39A27A2282D00D373B1 /* SceneDelegate.swift */ = {isa = PBXFileReference; lastKnownFileType = sourcecode.swift; path = SceneDelegate.swift; sourceTree = "<group>"; };
		F140B39C27A2282D00D373B1 /* CarListViewController.swift */ = {isa = PBXFileReference; lastKnownFileType = sourcecode.swift; path = CarListViewController.swift; sourceTree = "<group>"; };
		F140B39F27A2282D00D373B1 /* Base */ = {isa = PBXFileReference; lastKnownFileType = file.storyboard; name = Base; path = Base.lproj/Main.storyboard; sourceTree = "<group>"; };
		F140B3A227A2282D00D373B1 /* Guidomia.xcdatamodel */ = {isa = PBXFileReference; lastKnownFileType = wrapper.xcdatamodel; path = Guidomia.xcdatamodel; sourceTree = "<group>"; };
		F140B3A427A2282F00D373B1 /* Assets.xcassets */ = {isa = PBXFileReference; lastKnownFileType = folder.assetcatalog; path = Assets.xcassets; sourceTree = "<group>"; };
		F140B3A727A2282F00D373B1 /* Base */ = {isa = PBXFileReference; lastKnownFileType = file.storyboard; name = Base; path = Base.lproj/LaunchScreen.storyboard; sourceTree = "<group>"; };
		F140B3A927A2282F00D373B1 /* Info.plist */ = {isa = PBXFileReference; lastKnownFileType = text.plist.xml; path = Info.plist; sourceTree = "<group>"; };
		F140B3AE27A2282F00D373B1 /* GuidomiaTests.xctest */ = {isa = PBXFileReference; explicitFileType = wrapper.cfbundle; includeInIndex = 0; path = GuidomiaTests.xctest; sourceTree = BUILT_PRODUCTS_DIR; };
		F140B3B227A2282F00D373B1 /* GuidomiaTests.swift */ = {isa = PBXFileReference; lastKnownFileType = sourcecode.swift; path = GuidomiaTests.swift; sourceTree = "<group>"; };
		F140B3B827A2282F00D373B1 /* GuidomiaUITests.xctest */ = {isa = PBXFileReference; explicitFileType = wrapper.cfbundle; includeInIndex = 0; path = GuidomiaUITests.xctest; sourceTree = BUILT_PRODUCTS_DIR; };
		F140B3BC27A2282F00D373B1 /* GuidomiaUITests.swift */ = {isa = PBXFileReference; lastKnownFileType = sourcecode.swift; path = GuidomiaUITests.swift; sourceTree = "<group>"; };
		F140B3BE27A2282F00D373B1 /* GuidomiaUITestsLaunchTests.swift */ = {isa = PBXFileReference; lastKnownFileType = sourcecode.swift; path = GuidomiaUITestsLaunchTests.swift; sourceTree = "<group>"; };
		F140B3CB27A2299C00D373B1 /* ColorAssets.xcassets */ = {isa = PBXFileReference; lastKnownFileType = folder.assetcatalog; path = ColorAssets.xcassets; sourceTree = "<group>"; };
		F140B3D227A232F400D373B1 /* CarTableViewCell.swift */ = {isa = PBXFileReference; lastKnownFileType = sourcecode.swift; path = CarTableViewCell.swift; sourceTree = "<group>"; };
		F140B3D327A232F400D373B1 /* CarTableViewCell.xib */ = {isa = PBXFileReference; lastKnownFileType = file.xib; path = CarTableViewCell.xib; sourceTree = "<group>"; };
		F140B3DE27A2C74B00D373B1 /* CarListInteractor.swift */ = {isa = PBXFileReference; lastKnownFileType = sourcecode.swift; path = CarListInteractor.swift; sourceTree = "<group>"; };
		F140B3E027A2C75F00D373B1 /* CarListPresenter.swift */ = {isa = PBXFileReference; lastKnownFileType = sourcecode.swift; path = CarListPresenter.swift; sourceTree = "<group>"; };
		F140B3E227A2C77200D373B1 /* CarListRouter.swift */ = {isa = PBXFileReference; lastKnownFileType = sourcecode.swift; path = CarListRouter.swift; sourceTree = "<group>"; };
		F140B3E427A2C78500D373B1 /* CarListModels.swift */ = {isa = PBXFileReference; lastKnownFileType = sourcecode.swift; path = CarListModels.swift; sourceTree = "<group>"; };
		F140B3E727A4273900D373B1 /* car_list.json */ = {isa = PBXFileReference; fileEncoding = 4; lastKnownFileType = text.json; path = car_list.json; sourceTree = "<group>"; };
		F140B3EA27A427D000D373B1 /* ServiceManager.swift */ = {isa = PBXFileReference; lastKnownFileType = sourcecode.swift; path = ServiceManager.swift; sourceTree = "<group>"; };
		F140B3EE27A631DE00D373B1 /* HeaderTableViewCell.swift */ = {isa = PBXFileReference; lastKnownFileType = sourcecode.swift; path = HeaderTableViewCell.swift; sourceTree = "<group>"; };
		F140B3F027A631E900D373B1 /* HeaderTableViewCell.xib */ = {isa = PBXFileReference; lastKnownFileType = file.xib; path = HeaderTableViewCell.xib; sourceTree = "<group>"; };
/* End PBXFileReference section */

/* Begin PBXFrameworksBuildPhase section */
		F140B39227A2282D00D373B1 /* Frameworks */ = {
			isa = PBXFrameworksBuildPhase;
			buildActionMask = 2147483647;
			files = (
			);
			runOnlyForDeploymentPostprocessing = 0;
		};
		F140B3AB27A2282F00D373B1 /* Frameworks */ = {
			isa = PBXFrameworksBuildPhase;
			buildActionMask = 2147483647;
			files = (
			);
			runOnlyForDeploymentPostprocessing = 0;
		};
		F140B3B527A2282F00D373B1 /* Frameworks */ = {
			isa = PBXFrameworksBuildPhase;
			buildActionMask = 2147483647;
			files = (
			);
			runOnlyForDeploymentPostprocessing = 0;
		};
/* End PBXFrameworksBuildPhase section */

/* Begin PBXGroup section */
		F140B38C27A2282D00D373B1 = {
			isa = PBXGroup;
			children = (
				F140B39727A2282D00D373B1 /* Guidomia */,
				F140B3B127A2282F00D373B1 /* GuidomiaTests */,
				F140B3BB27A2282F00D373B1 /* GuidomiaUITests */,
				F140B39627A2282D00D373B1 /* Products */,
			);
			sourceTree = "<group>";
		};
		F140B39627A2282D00D373B1 /* Products */ = {
			isa = PBXGroup;
			children = (
				F140B39527A2282D00D373B1 /* Guidomia.app */,
				F140B3AE27A2282F00D373B1 /* GuidomiaTests.xctest */,
				F140B3B827A2282F00D373B1 /* GuidomiaUITests.xctest */,
			);
			name = Products;
			sourceTree = "<group>";
		};
		F140B39727A2282D00D373B1 /* Guidomia */ = {
			isa = PBXGroup;
			children = (
				F140B3DA27A2C4EF00D373B1 /* Modules */,
				F140B39827A2282D00D373B1 /* AppDelegate.swift */,
				F140B39A27A2282D00D373B1 /* SceneDelegate.swift */,
				F140B3A427A2282F00D373B1 /* Assets.xcassets */,
				F140B3CB27A2299C00D373B1 /* ColorAssets.xcassets */,
				F140B3A627A2282F00D373B1 /* LaunchScreen.storyboard */,
				F140B3A927A2282F00D373B1 /* Info.plist */,
				F140B3A127A2282D00D373B1 /* Guidomia.xcdatamodeld */,
			);
			path = Guidomia;
			sourceTree = "<group>";
		};
		F140B3B127A2282F00D373B1 /* GuidomiaTests */ = {
			isa = PBXGroup;
			children = (
				F140B3B227A2282F00D373B1 /* GuidomiaTests.swift */,
			);
			path = GuidomiaTests;
			sourceTree = "<group>";
		};
		F140B3BB27A2282F00D373B1 /* GuidomiaUITests */ = {
			isa = PBXGroup;
			children = (
				F140B3BC27A2282F00D373B1 /* GuidomiaUITests.swift */,
				F140B3BE27A2282F00D373B1 /* GuidomiaUITestsLaunchTests.swift */,
			);
			path = GuidomiaUITests;
			sourceTree = "<group>";
		};
		F140B3CD27A22F2D00D373B1 /* CustomCells */ = {
			isa = PBXGroup;
			children = (
				F140B3D227A232F400D373B1 /* CarTableViewCell.swift */,
				F140B3D327A232F400D373B1 /* CarTableViewCell.xib */,
				F140B3EE27A631DE00D373B1 /* HeaderTableViewCell.swift */,
				F140B3F027A631E900D373B1 /* HeaderTableViewCell.xib */,
			);
			path = CustomCells;
			sourceTree = "<group>";
		};
		F140B3DA27A2C4EF00D373B1 /* Modules */ = {
			isa = PBXGroup;
			children = (
				F140B3DB27A2C4F600D373B1 /* CarListView */,
				F140B3E627A4271600D373B1 /* Resources */,
			);
			path = Modules;
			sourceTree = "<group>";
		};
		F140B3DB27A2C4F600D373B1 /* CarListView */ = {
			isa = PBXGroup;
			children = (
				F140B3E927A427BB00D373B1 /* ServiceManager */,
				F140B39C27A2282D00D373B1 /* CarListViewController.swift */,
				F140B3DE27A2C74B00D373B1 /* CarListInteractor.swift */,
				F140B3E027A2C75F00D373B1 /* CarListPresenter.swift */,
				F140B3E227A2C77200D373B1 /* CarListRouter.swift */,
				F140B3E427A2C78500D373B1 /* CarListModels.swift */,
				F140B3DC27A2C50E00D373B1 /* Storyboard */,
				F140B3CD27A22F2D00D373B1 /* CustomCells */,
			);
			path = CarListView;
			sourceTree = "<group>";
		};
		F140B3DC27A2C50E00D373B1 /* Storyboard */ = {
			isa = PBXGroup;
			children = (
				F140B39E27A2282D00D373B1 /* Main.storyboard */,
			);
			path = Storyboard;
			sourceTree = "<group>";
		};
		F140B3E627A4271600D373B1 /* Resources */ = {
			isa = PBXGroup;
			children = (
				F140B3E727A4273900D373B1 /* car_list.json */,
			);
			path = Resources;
			sourceTree = "<group>";
		};
		F140B3E927A427BB00D373B1 /* ServiceManager */ = {
			isa = PBXGroup;
			children = (
				F140B3EA27A427D000D373B1 /* ServiceManager.swift */,
			);
			path = ServiceManager;
			sourceTree = "<group>";
		};
/* End PBXGroup section */

/* Begin PBXNativeTarget section */
		F140B39427A2282D00D373B1 /* Guidomia */ = {
			isa = PBXNativeTarget;
			buildConfigurationList = F140B3C227A2282F00D373B1 /* Build configuration list for PBXNativeTarget "Guidomia" */;
			buildPhases = (
				F140B39127A2282D00D373B1 /* Sources */,
				F140B39227A2282D00D373B1 /* Frameworks */,
				F140B39327A2282D00D373B1 /* Resources */,
			);
			buildRules = (
			);
			dependencies = (
			);
			name = Guidomia;
			productName = Guidomia;
			productReference = F140B39527A2282D00D373B1 /* Guidomia.app */;
			productType = "com.apple.product-type.application";
		};
		F140B3AD27A2282F00D373B1 /* GuidomiaTests */ = {
			isa = PBXNativeTarget;
			buildConfigurationList = F140B3C527A2282F00D373B1 /* Build configuration list for PBXNativeTarget "GuidomiaTests" */;
			buildPhases = (
				F140B3AA27A2282F00D373B1 /* Sources */,
				F140B3AB27A2282F00D373B1 /* Frameworks */,
				F140B3AC27A2282F00D373B1 /* Resources */,
			);
			buildRules = (
			);
			dependencies = (
				F140B3B027A2282F00D373B1 /* PBXTargetDependency */,
			);
			name = GuidomiaTests;
			productName = GuidomiaTests;
			productReference = F140B3AE27A2282F00D373B1 /* GuidomiaTests.xctest */;
			productType = "com.apple.product-type.bundle.unit-test";
		};
		F140B3B727A2282F00D373B1 /* GuidomiaUITests */ = {
			isa = PBXNativeTarget;
			buildConfigurationList = F140B3C827A2282F00D373B1 /* Build configuration list for PBXNativeTarget "GuidomiaUITests" */;
			buildPhases = (
				F140B3B427A2282F00D373B1 /* Sources */,
				F140B3B527A2282F00D373B1 /* Frameworks */,
				F140B3B627A2282F00D373B1 /* Resources */,
			);
			buildRules = (
			);
			dependencies = (
				F140B3BA27A2282F00D373B1 /* PBXTargetDependency */,
			);
			name = GuidomiaUITests;
			productName = GuidomiaUITests;
			productReference = F140B3B827A2282F00D373B1 /* GuidomiaUITests.xctest */;
			productType = "com.apple.product-type.bundle.ui-testing";
		};
/* End PBXNativeTarget section */

/* Begin PBXProject section */
		F140B38D27A2282D00D373B1 /* Project object */ = {
			isa = PBXProject;
			attributes = {
				BuildIndependentTargetsInParallel = 1;
				LastSwiftUpdateCheck = 1320;
				LastUpgradeCheck = 1320;
				TargetAttributes = {
					F140B39427A2282D00D373B1 = {
						CreatedOnToolsVersion = 13.2;
					};
					F140B3AD27A2282F00D373B1 = {
						CreatedOnToolsVersion = 13.2;
						TestTargetID = F140B39427A2282D00D373B1;
					};
					F140B3B727A2282F00D373B1 = {
						CreatedOnToolsVersion = 13.2;
						TestTargetID = F140B39427A2282D00D373B1;
					};
				};
			};
			buildConfigurationList = F140B39027A2282D00D373B1 /* Build configuration list for PBXProject "Guidomia" */;
			compatibilityVersion = "Xcode 13.0";
			developmentRegion = en;
			hasScannedForEncodings = 0;
			knownRegions = (
				en,
				Base,
			);
			mainGroup = F140B38C27A2282D00D373B1;
			productRefGroup = F140B39627A2282D00D373B1 /* Products */;
			projectDirPath = "";
			projectRoot = "";
			targets = (
				F140B39427A2282D00D373B1 /* Guidomia */,
				F140B3AD27A2282F00D373B1 /* GuidomiaTests */,
				F140B3B727A2282F00D373B1 /* GuidomiaUITests */,
			);
		};
/* End PBXProject section */

/* Begin PBXResourcesBuildPhase section */
		F140B39327A2282D00D373B1 /* Resources */ = {
			isa = PBXResourcesBuildPhase;
			buildActionMask = 2147483647;
			files = (
				F140B3D527A232F400D373B1 /* CarTableViewCell.xib in Resources */,
				F140B3E827A4273900D373B1 /* car_list.json in Resources */,
				F140B3A827A2282F00D373B1 /* LaunchScreen.storyboard in Resources */,
				F140B3A527A2282F00D373B1 /* Assets.xcassets in Resources */,
				F140B3F127A631E900D373B1 /* HeaderTableViewCell.xib in Resources */,
				F140B3CC27A2299C00D373B1 /* ColorAssets.xcassets in Resources */,
				F140B3A027A2282D00D373B1 /* Main.storyboard in Resources */,
			);
			runOnlyForDeploymentPostprocessing = 0;
		};
		F140B3AC27A2282F00D373B1 /* Resources */ = {
			isa = PBXResourcesBuildPhase;
			buildActionMask = 2147483647;
			files = (
			);
			runOnlyForDeploymentPostprocessing = 0;
		};
		F140B3B627A2282F00D373B1 /* Resources */ = {
			isa = PBXResourcesBuildPhase;
			buildActionMask = 2147483647;
			files = (
			);
			runOnlyForDeploymentPostprocessing = 0;
		};
/* End PBXResourcesBuildPhase section */

/* Begin PBXSourcesBuildPhase section */
		F140B39127A2282D00D373B1 /* Sources */ = {
			isa = PBXSourcesBuildPhase;
			buildActionMask = 2147483647;
			files = (
				F140B3EB27A427D000D373B1 /* ServiceManager.swift in Sources */,
				F140B3EF27A631DF00D373B1 /* HeaderTableViewCell.swift in Sources */,
				F140B3A327A2282D00D373B1 /* Guidomia.xcdatamodeld in Sources */,
				F140B3D427A232F400D373B1 /* CarTableViewCell.swift in Sources */,
				F140B3E527A2C78500D373B1 /* CarListModels.swift in Sources */,
				F140B3E127A2C75F00D373B1 /* CarListPresenter.swift in Sources */,
				F140B39D27A2282D00D373B1 /* CarListViewController.swift in Sources */,
				F140B39927A2282D00D373B1 /* AppDelegate.swift in Sources */,
				F140B3E327A2C77200D373B1 /* CarListRouter.swift in Sources */,
				F140B3DF27A2C74B00D373B1 /* CarListInteractor.swift in Sources */,
				F140B39B27A2282D00D373B1 /* SceneDelegate.swift in Sources */,
			);
			runOnlyForDeploymentPostprocessing = 0;
		};
		F140B3AA27A2282F00D373B1 /* Sources */ = {
			isa = PBXSourcesBuildPhase;
			buildActionMask = 2147483647;
			files = (
				F140B3B327A2282F00D373B1 /* GuidomiaTests.swift in Sources */,
			);
			runOnlyForDeploymentPostprocessing = 0;
		};
		F140B3B427A2282F00D373B1 /* Sources */ = {
			isa = PBXSourcesBuildPhase;
			buildActionMask = 2147483647;
			files = (
				F140B3BF27A2282F00D373B1 /* GuidomiaUITestsLaunchTests.swift in Sources */,
				F140B3BD27A2282F00D373B1 /* GuidomiaUITests.swift in Sources */,
			);
			runOnlyForDeploymentPostprocessing = 0;
		};
/* End PBXSourcesBuildPhase section */

/* Begin PBXTargetDependency section */
		F140B3B027A2282F00D373B1 /* PBXTargetDependency */ = {
			isa = PBXTargetDependency;
			target = F140B39427A2282D00D373B1 /* Guidomia */;
			targetProxy = F140B3AF27A2282F00D373B1 /* PBXContainerItemProxy */;
		};
		F140B3BA27A2282F00D373B1 /* PBXTargetDependency */ = {
			isa = PBXTargetDependency;
			target = F140B39427A2282D00D373B1 /* Guidomia */;
			targetProxy = F140B3B927A2282F00D373B1 /* PBXContainerItemProxy */;
		};
/* End PBXTargetDependency section */

/* Begin PBXVariantGroup section */
		F140B39E27A2282D00D373B1 /* Main.storyboard */ = {
			isa = PBXVariantGroup;
			children = (
				F140B39F27A2282D00D373B1 /* Base */,
			);
			name = Main.storyboard;
			sourceTree = "<group>";
		};
		F140B3A627A2282F00D373B1 /* LaunchScreen.storyboard */ = {
			isa = PBXVariantGroup;
			children = (
				F140B3A727A2282F00D373B1 /* Base */,
			);
			name = LaunchScreen.storyboard;
			sourceTree = "<group>";
		};
/* End PBXVariantGroup section */

/* Begin XCBuildConfiguration section */
		F140B3C027A2282F00D373B1 /* Debug */ = {
			isa = XCBuildConfiguration;
			buildSettings = {
				ALWAYS_SEARCH_USER_PATHS = NO;
				CLANG_ANALYZER_NONNULL = YES;
				CLANG_ANALYZER_NUMBER_OBJECT_CONVERSION = YES_AGGRESSIVE;
				CLANG_CXX_LANGUAGE_STANDARD = "gnu++17";
				CLANG_CXX_LIBRARY = "libc++";
				CLANG_ENABLE_MODULES = YES;
				CLANG_ENABLE_OBJC_ARC = YES;
				CLANG_ENABLE_OBJC_WEAK = YES;
				CLANG_WARN_BLOCK_CAPTURE_AUTORELEASING = YES;
				CLANG_WARN_BOOL_CONVERSION = YES;
				CLANG_WARN_COMMA = YES;
				CLANG_WARN_CONSTANT_CONVERSION = YES;
				CLANG_WARN_DEPRECATED_OBJC_IMPLEMENTATIONS = YES;
				CLANG_WARN_DIRECT_OBJC_ISA_USAGE = YES_ERROR;
				CLANG_WARN_DOCUMENTATION_COMMENTS = YES;
				CLANG_WARN_EMPTY_BODY = YES;
				CLANG_WARN_ENUM_CONVERSION = YES;
				CLANG_WARN_INFINITE_RECURSION = YES;
				CLANG_WARN_INT_CONVERSION = YES;
				CLANG_WARN_NON_LITERAL_NULL_CONVERSION = YES;
				CLANG_WARN_OBJC_IMPLICIT_RETAIN_SELF = YES;
				CLANG_WARN_OBJC_LITERAL_CONVERSION = YES;
				CLANG_WARN_OBJC_ROOT_CLASS = YES_ERROR;
				CLANG_WARN_QUOTED_INCLUDE_IN_FRAMEWORK_HEADER = YES;
				CLANG_WARN_RANGE_LOOP_ANALYSIS = YES;
				CLANG_WARN_STRICT_PROTOTYPES = YES;
				CLANG_WARN_SUSPICIOUS_MOVE = YES;
				CLANG_WARN_UNGUARDED_AVAILABILITY = YES_AGGRESSIVE;
				CLANG_WARN_UNREACHABLE_CODE = YES;
				CLANG_WARN__DUPLICATE_METHOD_MATCH = YES;
				COPY_PHASE_STRIP = NO;
				DEBUG_INFORMATION_FORMAT = dwarf;
				ENABLE_STRICT_OBJC_MSGSEND = YES;
				ENABLE_TESTABILITY = YES;
				GCC_C_LANGUAGE_STANDARD = gnu11;
				GCC_DYNAMIC_NO_PIC = NO;
				GCC_NO_COMMON_BLOCKS = YES;
				GCC_OPTIMIZATION_LEVEL = 0;
				GCC_PREPROCESSOR_DEFINITIONS = (
					"DEBUG=1",
					"$(inherited)",
				);
				GCC_WARN_64_TO_32_BIT_CONVERSION = YES;
				GCC_WARN_ABOUT_RETURN_TYPE = YES_ERROR;
				GCC_WARN_UNDECLARED_SELECTOR = YES;
				GCC_WARN_UNINITIALIZED_AUTOS = YES_AGGRESSIVE;
				GCC_WARN_UNUSED_FUNCTION = YES;
				GCC_WARN_UNUSED_VARIABLE = YES;
				IPHONEOS_DEPLOYMENT_TARGET = 15.2;
				MTL_ENABLE_DEBUG_INFO = INCLUDE_SOURCE;
				MTL_FAST_MATH = YES;
				ONLY_ACTIVE_ARCH = YES;
				SDKROOT = iphoneos;
				SWIFT_ACTIVE_COMPILATION_CONDITIONS = DEBUG;
				SWIFT_OPTIMIZATION_LEVEL = "-Onone";
			};
			name = Debug;
		};
		F140B3C127A2282F00D373B1 /* Release */ = {
			isa = XCBuildConfiguration;
			buildSettings = {
				ALWAYS_SEARCH_USER_PATHS = NO;
				CLANG_ANALYZER_NONNULL = YES;
				CLANG_ANALYZER_NUMBER_OBJECT_CONVERSION = YES_AGGRESSIVE;
				CLANG_CXX_LANGUAGE_STANDARD = "gnu++17";
				CLANG_CXX_LIBRARY = "libc++";
				CLANG_ENABLE_MODULES = YES;
				CLANG_ENABLE_OBJC_ARC = YES;
				CLANG_ENABLE_OBJC_WEAK = YES;
				CLANG_WARN_BLOCK_CAPTURE_AUTORELEASING = YES;
				CLANG_WARN_BOOL_CONVERSION = YES;
				CLANG_WARN_COMMA = YES;
				CLANG_WARN_CONSTANT_CONVERSION = YES;
				CLANG_WARN_DEPRECATED_OBJC_IMPLEMENTATIONS = YES;
				CLANG_WARN_DIRECT_OBJC_ISA_USAGE = YES_ERROR;
				CLANG_WARN_DOCUMENTATION_COMMENTS = YES;
				CLANG_WARN_EMPTY_BODY = YES;
				CLANG_WARN_ENUM_CONVERSION = YES;
				CLANG_WARN_INFINITE_RECURSION = YES;
				CLANG_WARN_INT_CONVERSION = YES;
				CLANG_WARN_NON_LITERAL_NULL_CONVERSION = YES;
				CLANG_WARN_OBJC_IMPLICIT_RETAIN_SELF = YES;
				CLANG_WARN_OBJC_LITERAL_CONVERSION = YES;
				CLANG_WARN_OBJC_ROOT_CLASS = YES_ERROR;
				CLANG_WARN_QUOTED_INCLUDE_IN_FRAMEWORK_HEADER = YES;
				CLANG_WARN_RANGE_LOOP_ANALYSIS = YES;
				CLANG_WARN_STRICT_PROTOTYPES = YES;
				CLANG_WARN_SUSPICIOUS_MOVE = YES;
				CLANG_WARN_UNGUARDED_AVAILABILITY = YES_AGGRESSIVE;
				CLANG_WARN_UNREACHABLE_CODE = YES;
				CLANG_WARN__DUPLICATE_METHOD_MATCH = YES;
				COPY_PHASE_STRIP = NO;
				DEBUG_INFORMATION_FORMAT = "dwarf-with-dsym";
				ENABLE_NS_ASSERTIONS = NO;
				ENABLE_STRICT_OBJC_MSGSEND = YES;
				GCC_C_LANGUAGE_STANDARD = gnu11;
				GCC_NO_COMMON_BLOCKS = YES;
				GCC_WARN_64_TO_32_BIT_CONVERSION = YES;
				GCC_WARN_ABOUT_RETURN_TYPE = YES_ERROR;
				GCC_WARN_UNDECLARED_SELECTOR = YES;
				GCC_WARN_UNINITIALIZED_AUTOS = YES_AGGRESSIVE;
				GCC_WARN_UNUSED_FUNCTION = YES;
				GCC_WARN_UNUSED_VARIABLE = YES;
				IPHONEOS_DEPLOYMENT_TARGET = 15.2;
				MTL_ENABLE_DEBUG_INFO = NO;
				MTL_FAST_MATH = YES;
				SDKROOT = iphoneos;
				SWIFT_COMPILATION_MODE = wholemodule;
				SWIFT_OPTIMIZATION_LEVEL = "-O";
				VALIDATE_PRODUCT = YES;
			};
			name = Release;
		};
		F140B3C327A2282F00D373B1 /* Debug */ = {
			isa = XCBuildConfiguration;
			buildSettings = {
				ASSETCATALOG_COMPILER_APPICON_NAME = AppIcon;
				ASSETCATALOG_COMPILER_GLOBAL_ACCENT_COLOR_NAME = AccentColor;
				CODE_SIGN_STYLE = Automatic;
				CURRENT_PROJECT_VERSION = 1;
				DEVELOPMENT_TEAM = L347FNCQY4;
				GENERATE_INFOPLIST_FILE = YES;
				INFOPLIST_FILE = Guidomia/Info.plist;
				INFOPLIST_KEY_UIApplicationSupportsIndirectInputEvents = YES;
				INFOPLIST_KEY_UILaunchStoryboardName = LaunchScreen;
				INFOPLIST_KEY_UIMainStoryboardFile = Main;
				INFOPLIST_KEY_UISupportedInterfaceOrientations_iPad = "UIInterfaceOrientationPortrait UIInterfaceOrientationPortraitUpsideDown UIInterfaceOrientationLandscapeLeft UIInterfaceOrientationLandscapeRight";
				INFOPLIST_KEY_UISupportedInterfaceOrientations_iPhone = "UIInterfaceOrientationPortrait UIInterfaceOrientationLandscapeLeft UIInterfaceOrientationLandscapeRight";
				LD_RUNPATH_SEARCH_PATHS = (
					"$(inherited)",
					"@executable_path/Frameworks",
				);
				MARKETING_VERSION = 1.0;
				PRODUCT_BUNDLE_IDENTIFIER = com.guidomia.ios.Guidomia;
				PRODUCT_NAME = "$(TARGET_NAME)";
				SWIFT_EMIT_LOC_STRINGS = YES;
				SWIFT_VERSION = 5.0;
				TARGETED_DEVICE_FAMILY = "1,2";
			};
			name = Debug;
		};
		F140B3C427A2282F00D373B1 /* Release */ = {
			isa = XCBuildConfiguration;
			buildSettings = {
				ASSETCATALOG_COMPILER_APPICON_NAME = AppIcon;
				ASSETCATALOG_COMPILER_GLOBAL_ACCENT_COLOR_NAME = AccentColor;
				CODE_SIGN_STYLE = Automatic;
				CURRENT_PROJECT_VERSION = 1;
				DEVELOPMENT_TEAM = L347FNCQY4;
				GENERATE_INFOPLIST_FILE = YES;
				INFOPLIST_FILE = Guidomia/Info.plist;
				INFOPLIST_KEY_UIApplicationSupportsIndirectInputEvents = YES;
				INFOPLIST_KEY_UILaunchStoryboardName = LaunchScreen;
				INFOPLIST_KEY_UIMainStoryboardFile = Main;
				INFOPLIST_KEY_UISupportedInterfaceOrientations_iPad = "UIInterfaceOrientationPortrait UIInterfaceOrientationPortraitUpsideDown UIInterfaceOrientationLandscapeLeft UIInterfaceOrientationLandscapeRight";
				INFOPLIST_KEY_UISupportedInterfaceOrientations_iPhone = "UIInterfaceOrientationPortrait UIInterfaceOrientationLandscapeLeft UIInterfaceOrientationLandscapeRight";
				LD_RUNPATH_SEARCH_PATHS = (
					"$(inherited)",
					"@executable_path/Frameworks",
				);
				MARKETING_VERSION = 1.0;
				PRODUCT_BUNDLE_IDENTIFIER = com.guidomia.ios.Guidomia;
				PRODUCT_NAME = "$(TARGET_NAME)";
				SWIFT_EMIT_LOC_STRINGS = YES;
				SWIFT_VERSION = 5.0;
				TARGETED_DEVICE_FAMILY = "1,2";
			};
			name = Release;
		};
		F140B3C627A2282F00D373B1 /* Debug */ = {
			isa = XCBuildConfiguration;
			buildSettings = {
				ALWAYS_EMBED_SWIFT_STANDARD_LIBRARIES = YES;
				BUNDLE_LOADER = "$(TEST_HOST)";
				CODE_SIGN_STYLE = Automatic;
				CURRENT_PROJECT_VERSION = 1;
				DEVELOPMENT_TEAM = L347FNCQY4;
				GENERATE_INFOPLIST_FILE = YES;
				IPHONEOS_DEPLOYMENT_TARGET = 15.2;
				MARKETING_VERSION = 1.0;
				PRODUCT_BUNDLE_IDENTIFIER = com.guidomia.ios.GuidomiaTests;
				PRODUCT_NAME = "$(TARGET_NAME)";
				SWIFT_EMIT_LOC_STRINGS = NO;
				SWIFT_VERSION = 5.0;
				TARGETED_DEVICE_FAMILY = "1,2";
				TEST_HOST = "$(BUILT_PRODUCTS_DIR)/Guidomia.app/Guidomia";
			};
			name = Debug;
		};
		F140B3C727A2282F00D373B1 /* Release */ = {
			isa = XCBuildConfiguration;
			buildSettings = {
				ALWAYS_EMBED_SWIFT_STANDARD_LIBRARIES = YES;
				BUNDLE_LOADER = "$(TEST_HOST)";
				CODE_SIGN_STYLE = Automatic;
				CURRENT_PROJECT_VERSION = 1;
				DEVELOPMENT_TEAM = L347FNCQY4;
				GENERATE_INFOPLIST_FILE = YES;
				IPHONEOS_DEPLOYMENT_TARGET = 15.2;
				MARKETING_VERSION = 1.0;
				PRODUCT_BUNDLE_IDENTIFIER = com.guidomia.ios.GuidomiaTests;
				PRODUCT_NAME = "$(TARGET_NAME)";
				SWIFT_EMIT_LOC_STRINGS = NO;
				SWIFT_VERSION = 5.0;
				TARGETED_DEVICE_FAMILY = "1,2";
				TEST_HOST = "$(BUILT_PRODUCTS_DIR)/Guidomia.app/Guidomia";
			};
			name = Release;
		};
		F140B3C927A2282F00D373B1 /* Debug */ = {
			isa = XCBuildConfiguration;
			buildSettings = {
				ALWAYS_EMBED_SWIFT_STANDARD_LIBRARIES = YES;
				CODE_SIGN_STYLE = Automatic;
				CURRENT_PROJECT_VERSION = 1;
				DEVELOPMENT_TEAM = L347FNCQY4;
				GENERATE_INFOPLIST_FILE = YES;
				MARKETING_VERSION = 1.0;
				PRODUCT_BUNDLE_IDENTIFIER = com.guidomia.ios.GuidomiaUITests;
				PRODUCT_NAME = "$(TARGET_NAME)";
				SWIFT_EMIT_LOC_STRINGS = NO;
				SWIFT_VERSION = 5.0;
				TARGETED_DEVICE_FAMILY = "1,2";
				TEST_TARGET_NAME = Guidomia;
			};
			name = Debug;
		};
		F140B3CA27A2282F00D373B1 /* Release */ = {
			isa = XCBuildConfiguration;
			buildSettings = {
				ALWAYS_EMBED_SWIFT_STANDARD_LIBRARIES = YES;
				CODE_SIGN_STYLE = Automatic;
				CURRENT_PROJECT_VERSION = 1;
				DEVELOPMENT_TEAM = L347FNCQY4;
				GENERATE_INFOPLIST_FILE = YES;
				MARKETING_VERSION = 1.0;
				PRODUCT_BUNDLE_IDENTIFIER = com.guidomia.ios.GuidomiaUITests;
				PRODUCT_NAME = "$(TARGET_NAME)";
				SWIFT_EMIT_LOC_STRINGS = NO;
				SWIFT_VERSION = 5.0;
				TARGETED_DEVICE_FAMILY = "1,2";
				TEST_TARGET_NAME = Guidomia;
			};
			name = Release;
		};
/* End XCBuildConfiguration section */

/* Begin XCConfigurationList section */
		F140B39027A2282D00D373B1 /* Build configuration list for PBXProject "Guidomia" */ = {
			isa = XCConfigurationList;
			buildConfigurations = (
				F140B3C027A2282F00D373B1 /* Debug */,
				F140B3C127A2282F00D373B1 /* Release */,
			);
			defaultConfigurationIsVisible = 0;
			defaultConfigurationName = Release;
		};
		F140B3C227A2282F00D373B1 /* Build configuration list for PBXNativeTarget "Guidomia" */ = {
			isa = XCConfigurationList;
			buildConfigurations = (
				F140B3C327A2282F00D373B1 /* Debug */,
				F140B3C427A2282F00D373B1 /* Release */,
			);
			defaultConfigurationIsVisible = 0;
			defaultConfigurationName = Release;
		};
		F140B3C527A2282F00D373B1 /* Build configuration list for PBXNativeTarget "GuidomiaTests" */ = {
			isa = XCConfigurationList;
			buildConfigurations = (
				F140B3C627A2282F00D373B1 /* Debug */,
				F140B3C727A2282F00D373B1 /* Release */,
			);
			defaultConfigurationIsVisible = 0;
			defaultConfigurationName = Release;
		};
		F140B3C827A2282F00D373B1 /* Build configuration list for PBXNativeTarget "GuidomiaUITests" */ = {
			isa = XCConfigurationList;
			buildConfigurations = (
				F140B3C927A2282F00D373B1 /* Debug */,
				F140B3CA27A2282F00D373B1 /* Release */,
			);
			defaultConfigurationIsVisible = 0;
			defaultConfigurationName = Release;
		};
/* End XCConfigurationList section */

/* Begin XCVersionGroup section */
		F140B3A127A2282D00D373B1 /* Guidomia.xcdatamodeld */ = {
			isa = XCVersionGroup;
			children = (
				F140B3A227A2282D00D373B1 /* Guidomia.xcdatamodel */,
			);
			currentVersion = F140B3A227A2282D00D373B1 /* Guidomia.xcdatamodel */;
			path = Guidomia.xcdatamodeld;
			sourceTree = "<group>";
			versionGroupType = wrapper.xcdatamodel;
		};
/* End XCVersionGroup section */
	};
	rootObject = F140B38D27A2282D00D373B1 /* Project object */;
}
